# This file was autogenerated by uv via the following command:
#    uv pip compile requirements.in -o requirements.lock --index-strategy unsafe-best-match --python-version 3.12
accelerate==1.14.0
    # via -r requirements.in
annotated-doc==0.0.5
    # via
    #   fastapi
    #   typer
annotated-types==0.8.0
    # via pydantic
anyio==4.14.2
    # via
    #   gradio
    #   httpx
    #   starlette
brotli==1.2.0
    # via gradio
certifi==2026.7.22
    # via
    #   httpcore
    #   httpx
    #   requests
charset-normalizer==3.5.1
    # via requests
click==8.4.2
    # via
    #   huggingface-hub
    #   uvicorn
colorama==0.4.6
    # via
    #   click
    #   tqdm
    #   typer
diffusers==0.40.0
    # via -r requirements.in
einops==0.8.2
    # via spandrel
fastapi==0.141.1
    # via gradio
filelock==3.32.4
    # via
    #   diffusers
    #   huggingface-hub
    #   torch
fsspec==2026.7.0
    # via
    #   gradio-client
    #   huggingface-hub
    #   torch
gradio==6.25.0
    # via -r requirements.in
gradio-client==2.6.0
    # via
    #   gradio
    #   hf-gradio
groovy==0.1.2
    # via gradio
h11==0.16.0
    # via
    #   httpcore
    #   uvicorn
hf-gradio==0.4.1
    # via gradio
hf-xet==1.6.0
    # via huggingface-hub
httpcore==1.0.9
    # via httpx
httpx==0.28.1
    # via
    #   diffusers
    #   gradio
    #   gradio-client
    #   huggingface-hub
    #   safehttpx
huggingface-hub==1.28.0
    # via
    #   accelerate
    #   diffusers
    #   gradio
    #   gradio-client
    #   tokenizers
    #   transformers
idna==3.19
    # via
    #   anyio
    #   httpx
    #   requests
importlib-metadata==9.0.0
    # via diffusers
jinja2==3.1.6
    # via
    #   gradio
    #   torch
markdown-it-py==4.2.0
    # via rich
markupsafe==3.0.3
    # via
    #   gradio
    #   jinja2
mdurl==0.1.2
    # via markdown-it-py
mpmath==1.3.0
    # via sympy
networkx==3.6.1
    # via torch
numpy==2.5.2
    # via
    #   accelerate
    #   diffusers
    #   gradio
    #   pandas
    #   spandrel
    #   torchvision
    #   transformers
orjson==3.12.0
    # via gradio
packaging==26.3
    # via
    #   accelerate
    #   gradio
    #   gradio-client
    #   huggingface-hub
    #   transformers
pandas==3.0.5
    # via gradio
pillow==12.3.0
    # via
    #   -r requirements.in
    #   diffusers
    #   gradio
    #   torchvision
psutil==7.2.2
    # via accelerate
pydantic==2.13.4
    # via
    #   fastapi
    #   gradio
pydantic-core==2.46.4
    # via pydantic
pydub==0.25.1
    # via gradio
pygments==2.21.0
    # via rich
pyparsing==3.3.2
    # via -r requirements.in
python-dateutil==2.9.0.post0
    # via pandas
python-multipart==0.0.32
    # via gradio
pytz==2026.3.post1
    # via gradio
pyyaml==6.0.3
    # via
    #   accelerate
    #   gradio
    #   huggingface-hub
    #   transformers
regex==2026.7.19
    # via
    #   diffusers
    #   transformers
requests==2.34.2
    # via diffusers
rich==15.0.0
    # via typer
safehttpx==0.1.7
    # via gradio
safetensors==0.8.0
    # via
    #   -r requirements.in
    #   accelerate
    #   diffusers
    #   spandrel
    #   transformers
semantic-version==2.10.0
    # via gradio
setuptools==81.0.0
    # via torch
shellingham==1.5.4
    # via typer
six==1.17.0
    # via python-dateutil
spandrel==0.4.2
    # via -r requirements.in
starlette==1.6.0
    # via
    #   fastapi
    #   gradio
sympy==1.14.0
    # via torch
tokenizers==0.22.2
    # via transformers
tomlkit==0.14.0
    # via gradio
torch==2.11.0+cu128
    # via
    #   -r requirements.in
    #   accelerate
    #   spandrel
    #   torchvision
torchvision==0.26.0+cu128
    # via
    #   -r requirements.in
    #   spandrel
tqdm==4.70.0
    # via
    #   huggingface-hub
    #   transformers
transformers==5.15.1
    # via -r requirements.in
typer==0.27.1
    # via
    #   gradio
    #   hf-gradio
    #   transformers
typing-extensions==4.16.0
    # via
    #   anyio
    #   fastapi
    #   gradio
    #   gradio-client
    #   huggingface-hub
    #   pydantic
    #   pydantic-core
    #   spandrel
    #   starlette
    #   torch
    #   typing-inspection
typing-inspection==0.4.4
    # via
    #   fastapi
    #   pydantic
tzdata==2026.3
    # via pandas
urllib3==2.7.0
    # via requests
uvicorn==0.52.4
    # via gradio
zipp==4.1.0
    # via importlib-metadata
